schema: '2.0'
stages:
  prepare@energy:
    cmd: python src/probafcst/pipeline/prepare.py --target energy
    deps:
    - path: src/probafcst//data.py
      hash: md5
      md5: 243781d97fb6bcad9477cea2544bea5a
      size: 3972
    - path: src/probafcst/pipeline/prepare.py
      hash: md5
      md5: 13c0b1af9876adcdf4e3ee11bc834655
      size: 2995
    params:
      params.yaml:
        cache:
          enable: true
          days_expire_after: 5
        data.energy:
          filename: energy.parquet
          ignore_years: 0
          freq: h
          target_col: load
    outs:
    - path: data/energy.parquet
      hash: md5
      md5: 32da48e95a5525663b2847c62a63c8bf
      size: 2180332
  prepare@bikes:
    cmd: python src/probafcst/pipeline/prepare.py --target bikes
    deps:
    - path: src/probafcst//data.py
      hash: md5
      md5: 243781d97fb6bcad9477cea2544bea5a
      size: 3972
    - path: src/probafcst/pipeline/prepare.py
      hash: md5
      md5: 13c0b1af9876adcdf4e3ee11bc834655
      size: 2995
    params:
      params.yaml:
        cache:
          enable: true
          days_expire_after: 5
        data.bikes:
          filename: bikes.parquet
          start_date: '2012-04-25'
          freq: D
          target_col: bike_count
    outs:
    - path: data/bikes.parquet
      hash: md5
      md5: 09ce14b122835d2ed6dca39a154494ae
      size: 160328
  train@energy:
    cmd: python src/probafcst/pipeline/train.py --target energy
    deps:
    - path: data/energy.parquet
      hash: md5
      md5: 32da48e95a5525663b2847c62a63c8bf
      size: 2180332
    - path: src/probafcst//models/
      hash: md5
      md5: 14506a621594e5c19cfdf8e68c50585f.dir
      size: 25559
      nfiles: 8
    - path: src/probafcst/pipeline/train.py
      hash: md5
      md5: f76a84ee80300ed55740666fe147ec40
      size: 1315
    params:
      params.yaml:
        data.energy:
          filename: energy.parquet
          ignore_years: 0
          freq: h
          target_col: load
        quantiles:
        - 0.025
        - 0.25
        - 0.5
        - 0.75
        - 0.975
        train.energy:
          selected: xgb-custom
          cutoff: '2021-11-14'
          benchmark:
            n_weeks: 100
          quantreg:
            freq: h
            output_chunk_length: 24
          xgboost:
            freq: h
            output_chunk_length: 24
            xgb_kwargs:
              n_jobs: -1
          xgb-custom:
            lags:
            - 24
            - 48
            - 72
            - 96
            - 120
            - 144
            - 168
            include_seasonal_dummies: true
            cyclical_encodings: true
            X_lag_cols:
            xgb_kwargs:
              n_jobs: -1
    outs:
    - path: models/energy_model.pkl
      hash: md5
      md5: 3cbdd6756b820a3a46a8cc4756b0e1d0
      size: 3100833
  train@bikes:
    cmd: python src/probafcst/pipeline/train.py --target bikes
    deps:
    - path: data/bikes.parquet
      hash: md5
      md5: 09ce14b122835d2ed6dca39a154494ae
      size: 160328
    - path: src/probafcst//models/
      hash: md5
      md5: 14506a621594e5c19cfdf8e68c50585f.dir
      size: 25559
      nfiles: 8
    - path: src/probafcst/pipeline/train.py
      hash: md5
      md5: f76a84ee80300ed55740666fe147ec40
      size: 1315
    params:
      params.yaml:
        data.bikes:
          filename: bikes.parquet
          start_date: '2012-04-25'
          freq: D
          target_col: bike_count
        quantiles:
        - 0.025
        - 0.25
        - 0.5
        - 0.75
        - 0.975
        train.bikes:
          selected: xgb-custom
          cutoff: '2021-11-14'
          benchmark:
            n_weeks: 100
          quantreg:
            freq: D
            output_chunk_length: 7
          xgboost:
            freq: D
            output_chunk_length: 7
            xgb_kwargs:
              n_jobs: -1
          xgb-custom:
            lags:
            - 1
            - 2
            - 3
            - 7
            - 14
            - 21
            - 28
            include_seasonal_dummies: true
            cyclical_encodings: true
            X_lag_cols:
            xgb_kwargs:
              n_jobs: -1
    outs:
    - path: models/bikes_model.pkl
      hash: md5
      md5: 2dd6b46fc04a537c37f8332ea432fe69
      size: 1209150
  eval@energy:
    cmd: python src/probafcst/pipeline/evaluate.py --target energy
    deps:
    - path: data/energy.parquet
      hash: md5
      md5: 32da48e95a5525663b2847c62a63c8bf
      size: 2180332
    - path: models/energy_model.pkl
      hash: md5
      md5: 3cbdd6756b820a3a46a8cc4756b0e1d0
      size: 3100833
    - path: src/probafcst//backtest.py
      hash: md5
      md5: 408746f5f6f15503eb3c7ac215524bf2
      size: 5351
    - path: src/probafcst//plotting.py
      hash: md5
      md5: 482a42cf8b0b9196d98b0d8e772d83d2
      size: 1780
    - path: src/probafcst/pipeline/evaluate.py
      hash: md5
      md5: 924860f2a82c3fbe10a84de59038987b
      size: 2743
    params:
      params.yaml:
        eval:
          backend: loky
          splitter_type: sliding
          bikes:
            forecast_steps_days: 7
            n_years_initial_window: 3
            step_length_days: 30
          energy:
            forecast_steps_days: 7
            n_years_initial_window: 3
            step_length_days: 90
    outs:
    - path: output/energy_eval_results.csv
      hash: md5
      md5: 2184aa3a2006800c4c400502ca6828c4
      size: 5228
    - path: output/energy_metrics.json
      hash: md5
      md5: 9838a0d900ef1e7f4bc042f3c42d4924
      size: 179
    - path: output/energy_pinball_losses.svg
      hash: md5
      md5: ff76eac9df3a10c05c16fc4108a71f89
      size: 25734
    - path: output/eval_plots/energy/
      hash: md5
      md5: e77e901caff692c1289e7a668683276c.dir
      size: 214060
      nfiles: 3
  eval@bikes:
    cmd: python src/probafcst/pipeline/evaluate.py --target bikes
    deps:
    - path: data/bikes.parquet
      hash: md5
      md5: 09ce14b122835d2ed6dca39a154494ae
      size: 160328
    - path: models/bikes_model.pkl
      hash: md5
      md5: 2dd6b46fc04a537c37f8332ea432fe69
      size: 1209150
    - path: src/probafcst//backtest.py
      hash: md5
      md5: 408746f5f6f15503eb3c7ac215524bf2
      size: 5351
    - path: src/probafcst//plotting.py
      hash: md5
      md5: 482a42cf8b0b9196d98b0d8e772d83d2
      size: 1780
    - path: src/probafcst/pipeline/evaluate.py
      hash: md5
      md5: 924860f2a82c3fbe10a84de59038987b
      size: 2743
    params:
      params.yaml:
        eval:
          backend: loky
          splitter_type: sliding
          bikes:
            forecast_steps_days: 7
            n_years_initial_window: 3
            step_length_days: 30
          energy:
            forecast_steps_days: 7
            n_years_initial_window: 3
            step_length_days: 90
    outs:
    - path: output/bikes_eval_results.csv
      hash: md5
      md5: dfc8176d27a13a7483d1e867ab57a413
      size: 19359
    - path: output/bikes_metrics.json
      hash: md5
      md5: 4a20f1ea017768ecc2e43861df98e8cd
      size: 181
    - path: output/bikes_pinball_losses.svg
      hash: md5
      md5: 23d6335f760cc76c10c208042ba8fb07
      size: 28678
    - path: output/eval_plots/bikes/
      hash: md5
      md5: 367c98f640afca1f3575b14ac972812f.dir
      size: 95570
      nfiles: 3
  submit:
    cmd: python src/probafcst/pipeline/submit.py
    deps:
    - path: models/bikes_model.pkl
      hash: md5
      md5: 2dd6b46fc04a537c37f8332ea432fe69
      size: 1209150
    - path: models/energy_model.pkl
      hash: md5
      md5: 3cbdd6756b820a3a46a8cc4756b0e1d0
      size: 3100833
    - path: src/probafcst//plotting.py
      hash: md5
      md5: 482a42cf8b0b9196d98b0d8e772d83d2
      size: 1780
    - path: src/probafcst//utils/check_submission.py
      hash: md5
      md5: 34b7c6453e8c63b3a0963426a3fc29bf
      size: 6425
    - path: src/probafcst//utils/create_submission.py
      hash: md5
      md5: ed9ef8fd99a4cd18be4d357214e04fc4
      size: 3407
    - path: src/probafcst/pipeline/submit.py
      hash: md5
      md5: 5814730fcd94177ce2b4f7298bdf3996
      size: 2149
    params:
      params.yaml:
        quantiles:
        - 0.025
        - 0.25
        - 0.5
        - 0.75
        - 0.975
    outs:
    - path: output/bikes_forecast.svg
      hash: md5
      md5: 5263f3adb267bbd3909024a9a8f0fe79
      size: 31391
    - path: output/energy_forecast.svg
      hash: md5
      md5: 2c073f391d07703ceea19d35c5b12798
      size: 69478
    - path: output/submission.csv
      hash: md5
      md5: 674afbd2bbe19f50cb207be0cfd5f37c
      size: 1563
