schema: '2.0'
stages:
  prepare:
    cmd: uv run python src/probafcst/pipeline/prepare.py
    deps:
    - path: src/probafcst//data.py
      hash: md5
      md5: 6d59fa3c8a1c02fca7f10e251db64a2a
      size: 3645
    - path: src/probafcst/pipeline/prepare.py
      hash: md5
      md5: 4a10769d280f0d261a5c2ec241080c40
      size: 1433
    outs:
    - path: data/energy.parquet
      hash: md5
      md5: ad440470ca62eaef0beb641f52577331
      size: 523826
  prepare@energy:
    cmd: python src/probafcst/pipeline/prepare.py --target energy
    deps:
    - path: src/probafcst//data.py
      hash: md5
      md5: 097aa94f1a566899a3b7183644bf1083
      size: 3917
    - path: src/probafcst/pipeline/prepare.py
      hash: md5
      md5: 1221e8deea12df360f3d4002e4b09536
      size: 2092
    params:
      params.yaml:
        cache:
          enable: true
          days_expire_after: 5
        data.energy:
          filename: energy.parquet
          ignore_years: 0
          freq: h
    outs:
    - path: data/energy.parquet
      hash: md5
      md5: 4791779e0c7033ec89a11486352d5cf9
      size: 1325417
  prepare@bikes:
    cmd: python src/probafcst/pipeline/prepare.py --target bikes
    deps:
    - path: src/probafcst//data.py
      hash: md5
      md5: 097aa94f1a566899a3b7183644bf1083
      size: 3917
    - path: src/probafcst/pipeline/prepare.py
      hash: md5
      md5: 1221e8deea12df360f3d4002e4b09536
      size: 2092
    params:
      params.yaml:
        cache:
          enable: true
          days_expire_after: 5
        data.bikes:
          filename: bikes.parquet
          start_date: '2012-04-25'
          freq: D
    outs:
    - path: data/bikes.parquet
      hash: md5
      md5: ccbdca31a35c759315a9256abe1d62f3
      size: 63848
  prepare@no2:
    cmd: uv run python src/probafcst/pipeline/prepare.py --target no2
    deps:
    - path: src/probafcst//data.py
      hash: md5
      md5: 9ebb26cb2d17806d29968a9235425167
      size: 3798
    - path: src/probafcst/pipeline/prepare.py
      hash: md5
      md5: 5437a9e458ff6638d74d4273b802a380
      size: 2130
    params:
      params.yaml:
        data.no2:
          filename: no2.parquet
          start_date: '2016-01-01'
          end_date: '2024-10-26'
    outs:
    - path: data/no2.parquet
      hash: md5
      md5: c0f37fa6ec1865b682bb3add8ed17c39
      size: 801854
  train@energy:
    cmd: python src/probafcst/pipeline/train.py --target energy
    deps:
    - path: data/energy.parquet
      hash: md5
      md5: 4791779e0c7033ec89a11486352d5cf9
      size: 1325417
    - path: src/probafcst//models/
      hash: md5
      md5: 416118dbd4b213f6ad9711c746f28e25.dir
      size: 17683
      nfiles: 7
    - path: src/probafcst/pipeline/train.py
      hash: md5
      md5: 7d5682f17d005a1324ebe0272cd2bb08
      size: 1039
    params:
      params.yaml:
        data.energy:
          filename: energy.parquet
          ignore_years: 0
          freq: h
        quantiles:
        - 0.025
        - 0.25
        - 0.5
        - 0.75
        - 0.975
        train.energy:
          selected: quantreg
          cutoff: '2021-11-14'
          benchmark:
            n_weeks: 75
          quantreg:
            freq: h
            output_chunk_length: 24
          xgboost:
            freq: h
            output_chunk_length: 24
            xgb_kwargs:
              n_jobs: -1
    outs:
    - path: models/energy_model.pkl
      hash: md5
      md5: 096054215456ac5e6c7e7858efbda652
      size: 2764139
  train@bikes:
    cmd: python src/probafcst/pipeline/train.py --target bikes
    deps:
    - path: data/bikes.parquet
      hash: md5
      md5: ccbdca31a35c759315a9256abe1d62f3
      size: 63848
    - path: src/probafcst//models/
      hash: md5
      md5: 416118dbd4b213f6ad9711c746f28e25.dir
      size: 17683
      nfiles: 7
    - path: src/probafcst/pipeline/train.py
      hash: md5
      md5: 5b991e4c34d3f7c3c0e4e3153ed4d50c
      size: 1091
    params:
      params.yaml:
        data.bikes:
          filename: bikes.parquet
          start_date: '2012-04-25'
          freq: D
        quantiles:
        - 0.025
        - 0.25
        - 0.5
        - 0.75
        - 0.975
        train.bikes:
          selected: quantreg
          cutoff: '2021-11-14'
          benchmark:
            n_weeks: 125
          quantreg:
            freq: D
            output_chunk_length: 7
          xgboost:
            freq: D
            output_chunk_length: 7
            xgb_kwargs:
              n_jobs: -1
    outs:
    - path: models/bikes_model.pkl
      hash: md5
      md5: f072e90794c21a2066cd284dea8e6ff8
      size: 113630
  train@no2:
    cmd: uv run python src/probafcst/pipeline/train.py --target no2
    deps:
    - path: data/no2.parquet
      hash: md5
      md5: c0f37fa6ec1865b682bb3add8ed17c39
      size: 801854
    - path: src/probafcst//model.py
      hash: md5
      md5: 4012051ff8e014e21b0f2f762341189c
      size: 881
    - path: src/probafcst/pipeline/train.py
      hash: md5
      md5: b986f3cb2605277a0930bd3c713b38d8
      size: 965
    params:
      params.yaml:
        data.no2:
          filename: no2.parquet
          start_date: '2016-01-01'
          end_date: '2024-10-26'
    outs:
    - path: models/no2_model.pkl
      hash: md5
      md5: ae97b7c132b660aacc13eb0bf3c76ac5
      size: 1857779
  submit:
    cmd: python src/probafcst/pipeline/submit.py
    deps:
    - path: models/bikes_model.pkl
      hash: md5
      md5: f072e90794c21a2066cd284dea8e6ff8
      size: 113630
    - path: models/energy_model.pkl
      hash: md5
      md5: 096054215456ac5e6c7e7858efbda652
      size: 2764139
    - path: src/probafcst//plotting.py
      hash: md5
      md5: 482a42cf8b0b9196d98b0d8e772d83d2
      size: 1780
    - path: src/probafcst//utils/check_submission.py
      hash: md5
      md5: 34b7c6453e8c63b3a0963426a3fc29bf
      size: 6425
    - path: src/probafcst//utils/create_submission.py
      hash: md5
      md5: ed9ef8fd99a4cd18be4d357214e04fc4
      size: 3407
    - path: src/probafcst/pipeline/submit.py
      hash: md5
      md5: 41de7ff7d0e4523166801400aec741af
      size: 1948
    params:
      params.yaml:
        quantiles:
        - 0.025
        - 0.25
        - 0.5
        - 0.75
        - 0.975
    outs:
    - path: output/bikes_forecast.png
      hash: md5
      md5: f9734857202bee86f68c717c96eb60ad
      size: 55660
    - path: output/energy_forecast.png
      hash: md5
      md5: a1cf54f1601b2d029c3bc43f48906615
      size: 69911
    - path: output/submission.csv
      hash: md5
      md5: a45024b08f350c39c893886b337f8686
      size: 1564
  eval@energy:
    cmd: python src/probafcst/pipeline/evaluate.py --target energy
    deps:
    - path: data/energy.parquet
      hash: md5
      md5: 4791779e0c7033ec89a11486352d5cf9
      size: 1325417
    - path: models/energy_model.pkl
      hash: md5
      md5: 096054215456ac5e6c7e7858efbda652
      size: 2764139
    - path: src/probafcst//backtest.py
      hash: md5
      md5: 30b4d59467717a9db02aef2dc16a3ff5
      size: 5109
    - path: src/probafcst//plotting.py
      hash: md5
      md5: 482a42cf8b0b9196d98b0d8e772d83d2
      size: 1780
    - path: src/probafcst/pipeline/evaluate.py
      hash: md5
      md5: 6d4a64833d6ebe99004f260a410367f9
      size: 2549
    params:
      params.yaml:
        eval:
          backend: loky
          splitter_type: sliding
          bikes:
            forecast_steps_days: 7
            n_years_initial_window: 3
            step_length_days: 30
          energy:
            forecast_steps_days: 7
            n_years_initial_window: 3
            step_length_days: 90
    outs:
    - path: output/energy_eval_results.csv
      hash: md5
      md5: 28a62f592b9a3f1f24dcae579de45e8f
      size: 4768
    - path: output/energy_metrics.json
      hash: md5
      md5: ae2bf7575652ca03bcc7d51420580213
      size: 181
    - path: output/energy_pinball_losses.png
      hash: md5
      md5: 228cc9e24fde90a4f586a8ed3d4eea9e
      size: 13423
    - path: output/eval_plots/energy/
      hash: md5
      md5: 6f406e5b7ef1f7794a0812d817c3d2d4.dir
      size: 369507
      nfiles: 3
  eval@bikes:
    cmd: python src/probafcst/pipeline/evaluate.py --target bikes
    deps:
    - path: data/bikes.parquet
      hash: md5
      md5: ccbdca31a35c759315a9256abe1d62f3
      size: 63848
    - path: models/bikes_model.pkl
      hash: md5
      md5: f072e90794c21a2066cd284dea8e6ff8
      size: 113630
    - path: src/probafcst//backtest.py
      hash: md5
      md5: 30b4d59467717a9db02aef2dc16a3ff5
      size: 5109
    - path: src/probafcst//plotting.py
      hash: md5
      md5: 482a42cf8b0b9196d98b0d8e772d83d2
      size: 1780
    - path: src/probafcst/pipeline/evaluate.py
      hash: md5
      md5: 6d4a64833d6ebe99004f260a410367f9
      size: 2549
    params:
      params.yaml:
        eval:
          backend: loky
          splitter_type: sliding
          bikes:
            forecast_steps_days: 7
            n_years_initial_window: 3
            step_length_days: 30
          energy:
            forecast_steps_days: 7
            n_years_initial_window: 3
            step_length_days: 90
    outs:
    - path: output/bikes_eval_results.csv
      hash: md5
      md5: fee8a6e27b155999c721a50ad07497cb
      size: 19482
    - path: output/bikes_metrics.json
      hash: md5
      md5: 66958376e69a5f37010da45b502e4fc2
      size: 183
    - path: output/bikes_pinball_losses.png
      hash: md5
      md5: 34067e344f4e2b98105e6ae80ea0d746
      size: 19683
    - path: output/eval_plots/bikes/
      hash: md5
      md5: 750cdffd89426e605df50ebced92dd24.dir
      size: 205991
      nfiles: 3
